
Microsoft Visual Studio Solution File, Format Version 12.00
# Visual Studio 15
VisualStudioVersion = 15.0.27130.2036
MinimumVisualStudioVersion = 10.0.40219.1
Project("{FAE04EC0-301F-11D3-BF4B-00C04F79EFBC}") = "PassBox", "PassBox\PassBox.csproj", "{6639DB18-C006-4219-A378-34CF2A3B7073}"
EndProject
Global
	GlobalSection(SolutionConfigurationPlatforms) = preSolution
		Debug|Any CPU = Debug|Any CPU
		Release|Any CPU = Release|Any CPU
	EndGlobalSection
	GlobalSection(ProjectConfigurationPlatforms) = postSolution
		{6639DB18-C006-4219-A378-34CF2A3B7073}.Debug|Any CPU.ActiveCfg = Debug|Any CPU
		{6639DB18-C006-4219-A378-34CF2A3B7073}.Debug|Any CPU.Build.0 = Debug|Any CPU
		{6639DB18-C006-4219-A378-34CF2A3B7073}.Release|Any CPU.ActiveCfg = Release|Any CPU
		{6639DB18-C006-4219-A378-34CF2A3B7073}.Release|Any CPU.Build.0 = Release|Any CPU
	EndGlobalSection
	GlobalSection(SolutionProperties) = preSolution
		HideSolutionNode = FALSE
	EndGlobalSection
	GlobalSection(ExtensibilityGlobals) = postSolution
		SolutionGuid = {5BE68FF2-E711-4068-9573-450CE210F516}
	EndGlobalSection
EndGlobal
